
Microsoft Visual Studio Solution File, Format Version 12.00
# Visual Studio Version 17
VisualStudioVersion = 17.12.35521.163
MinimumVisualStudioVersion = 10.0.40219.1
Project("{2150E333-8FDC-42A3-9474-1A3956D46DE8}") = "BuildingBlock", "BuildingBlock", "{8AF33678-E305-4385-A52E-308A237DF034}"
EndProject
Project("{FAE04EC0-301F-11D3-BF4B-00C04F79EFBC}") = "BuildingBlocks", "BuildingBlocks\BuildingBlocks\BuildingBlocks.csproj", "{EAAD749D-3EC1-4A95-8A91-B7E546B6E095}"
EndProject
Project("{2150E333-8FDC-42A3-9474-1A3956D46DE8}") = "Services", "Services", "{7A18B480-1253-419D-8EF4-662E0A6376AB}"
EndProject
Project("{2150E333-8FDC-42A3-9474-1A3956D46DE8}") = "Catalog", "Catalog", "{66EE3506-C780-47E7-B536-C1CFB1F44B60}"
EndProject
Project("{FAE04EC0-301F-11D3-BF4B-00C04F79EFBC}") = "Catalog.API", "Services\Catalog\Catalog.API\Catalog.API.csproj", "{9AD658D3-EE17-49AF-A7B0-3A087C63694D}"
EndProject
Project("{E53339B2-1760-4266-BCC7-CA923CBCF16C}") = "docker-compose", "docker-compose.dcproj", "{5620937A-2BFF-4EB2-A869-BE627E8A599D}"
EndProject
Project("{2150E333-8FDC-42A3-9474-1A3956D46DE8}") = "Basket", "Basket", "{56E015B3-9007-4418-981E-03C291BC21C6}"
EndProject
Project("{FAE04EC0-301F-11D3-BF4B-00C04F79EFBC}") = "Basket.API", "Services\Basket\Basket.API\Basket.API.csproj", "{46CC3D58-9BB8-4A4C-ACA9-D52B77C70B85}"
EndProject
Project("{2150E333-8FDC-42A3-9474-1A3956D46DE8}") = "Discount", "Discount", "{7D45D25F-5720-4113-86CE-331C976C749A}"
EndProject
Project("{FAE04EC0-301F-11D3-BF4B-00C04F79EFBC}") = "Discount.Grpc", "Services\Discount\Discount.Grpc\Discount.Grpc.csproj", "{36C1C5EF-D88A-45B6-AB5A-4E3AFF0449E6}"
EndProject
Project("{2150E333-8FDC-42A3-9474-1A3956D46DE8}") = "Ordering", "Ordering", "{EF8F0443-53D6-4447-889F-B404796ABB44}"
EndProject
Project("{FAE04EC0-301F-11D3-BF4B-00C04F79EFBC}") = "Ordering.API", "Services\Ordering\Ordering.API\Ordering.API.csproj", "{8D644C4C-6C77-40B7-BA8B-F19BCE56911B}"
EndProject
Project("{FAE04EC0-301F-11D3-BF4B-00C04F79EFBC}") = "Ordering.Domain", "Services\Ordering\Ordering.Domain\Ordering.Domain.csproj", "{6BD9709D-9027-457C-9CEF-78B373BFAB93}"
EndProject
Project("{FAE04EC0-301F-11D3-BF4B-00C04F79EFBC}") = "Ordering.Application", "Services\Ordering\Ordering.Application\Ordering.Application.csproj", "{F3CFE42A-3B53-4E61-8775-2429A9EF7819}"
EndProject
Project("{FAE04EC0-301F-11D3-BF4B-00C04F79EFBC}") = "Ordering.Infrastructure", "Services\Ordering\Ordering.Infrastructure\Ordering.Infrastructure.csproj", "{3E6E5346-6452-4BC3-A048-CC131DBA45FB}"
EndProject
Project("{FAE04EC0-301F-11D3-BF4B-00C04F79EFBC}") = "BuildingBlocks.Messaging", "BuildingBlocks\BuildingBlocks.Messaging\BuildingBlocks.Messaging.csproj", "{36D4AB63-3736-4795-825A-5EB98849D45C}"
EndProject
Global
	GlobalSection(SolutionConfigurationPlatforms) = preSolution
		Debug|Any CPU = Debug|Any CPU
		Release|Any CPU = Release|Any CPU
	EndGlobalSection
	GlobalSection(ProjectConfigurationPlatforms) = postSolution
		{EAAD749D-3EC1-4A95-8A91-B7E546B6E095}.Debug|Any CPU.ActiveCfg = Debug|Any CPU
		{EAAD749D-3EC1-4A95-8A91-B7E546B6E095}.Debug|Any CPU.Build.0 = Debug|Any CPU
		{EAAD749D-3EC1-4A95-8A91-B7E546B6E095}.Release|Any CPU.ActiveCfg = Release|Any CPU
		{EAAD749D-3EC1-4A95-8A91-B7E546B6E095}.Release|Any CPU.Build.0 = Release|Any CPU
		{9AD658D3-EE17-49AF-A7B0-3A087C63694D}.Debug|Any CPU.ActiveCfg = Debug|Any CPU
		{9AD658D3-EE17-49AF-A7B0-3A087C63694D}.Debug|Any CPU.Build.0 = Debug|Any CPU
		{9AD658D3-EE17-49AF-A7B0-3A087C63694D}.Release|Any CPU.ActiveCfg = Release|Any CPU
		{9AD658D3-EE17-49AF-A7B0-3A087C63694D}.Release|Any CPU.Build.0 = Release|Any CPU
		{5620937A-2BFF-4EB2-A869-BE627E8A599D}.Debug|Any CPU.ActiveCfg = Debug|Any CPU
		{5620937A-2BFF-4EB2-A869-BE627E8A599D}.Debug|Any CPU.Build.0 = Debug|Any CPU
		{5620937A-2BFF-4EB2-A869-BE627E8A599D}.Release|Any CPU.ActiveCfg = Release|Any CPU
		{5620937A-2BFF-4EB2-A869-BE627E8A599D}.Release|Any CPU.Build.0 = Release|Any CPU
		{46CC3D58-9BB8-4A4C-ACA9-D52B77C70B85}.Debug|Any CPU.ActiveCfg = Debug|Any CPU
		{46CC3D58-9BB8-4A4C-ACA9-D52B77C70B85}.Debug|Any CPU.Build.0 = Debug|Any CPU
		{46CC3D58-9BB8-4A4C-ACA9-D52B77C70B85}.Release|Any CPU.ActiveCfg = Release|Any CPU
		{46CC3D58-9BB8-4A4C-ACA9-D52B77C70B85}.Release|Any CPU.Build.0 = Release|Any CPU
		{36C1C5EF-D88A-45B6-AB5A-4E3AFF0449E6}.Debug|Any CPU.ActiveCfg = Debug|Any CPU
		{36C1C5EF-D88A-45B6-AB5A-4E3AFF0449E6}.Debug|Any CPU.Build.0 = Debug|Any CPU
		{36C1C5EF-D88A-45B6-AB5A-4E3AFF0449E6}.Release|Any CPU.ActiveCfg = Release|Any CPU
		{36C1C5EF-D88A-45B6-AB5A-4E3AFF0449E6}.Release|Any CPU.Build.0 = Release|Any CPU
		{8D644C4C-6C77-40B7-BA8B-F19BCE56911B}.Debug|Any CPU.ActiveCfg = Debug|Any CPU
		{8D644C4C-6C77-40B7-BA8B-F19BCE56911B}.Debug|Any CPU.Build.0 = Debug|Any CPU
		{8D644C4C-6C77-40B7-BA8B-F19BCE56911B}.Release|Any CPU.ActiveCfg = Release|Any CPU
		{8D644C4C-6C77-40B7-BA8B-F19BCE56911B}.Release|Any CPU.Build.0 = Release|Any CPU
		{6BD9709D-9027-457C-9CEF-78B373BFAB93}.Debug|Any CPU.ActiveCfg = Debug|Any CPU
		{6BD9709D-9027-457C-9CEF-78B373BFAB93}.Debug|Any CPU.Build.0 = Debug|Any CPU
		{6BD9709D-9027-457C-9CEF-78B373BFAB93}.Release|Any CPU.ActiveCfg = Release|Any CPU
		{6BD9709D-9027-457C-9CEF-78B373BFAB93}.Release|Any CPU.Build.0 = Release|Any CPU
		{F3CFE42A-3B53-4E61-8775-2429A9EF7819}.Debug|Any CPU.ActiveCfg = Debug|Any CPU
		{F3CFE42A-3B53-4E61-8775-2429A9EF7819}.Debug|Any CPU.Build.0 = Debug|Any CPU
		{F3CFE42A-3B53-4E61-8775-2429A9EF7819}.Release|Any CPU.ActiveCfg = Release|Any CPU
		{F3CFE42A-3B53-4E61-8775-2429A9EF7819}.Release|Any CPU.Build.0 = Release|Any CPU
		{3E6E5346-6452-4BC3-A048-CC131DBA45FB}.Debug|Any CPU.ActiveCfg = Debug|Any CPU
		{3E6E5346-6452-4BC3-A048-CC131DBA45FB}.Debug|Any CPU.Build.0 = Debug|Any CPU
		{3E6E5346-6452-4BC3-A048-CC131DBA45FB}.Release|Any CPU.ActiveCfg = Release|Any CPU
		{3E6E5346-6452-4BC3-A048-CC131DBA45FB}.Release|Any CPU.Build.0 = Release|Any CPU
		{36D4AB63-3736-4795-825A-5EB98849D45C}.Debug|Any CPU.ActiveCfg = Debug|Any CPU
		{36D4AB63-3736-4795-825A-5EB98849D45C}.Debug|Any CPU.Build.0 = Debug|Any CPU
		{36D4AB63-3736-4795-825A-5EB98849D45C}.Release|Any CPU.ActiveCfg = Release|Any CPU
		{36D4AB63-3736-4795-825A-5EB98849D45C}.Release|Any CPU.Build.0 = Release|Any CPU
	EndGlobalSection
	GlobalSection(SolutionProperties) = preSolution
		HideSolutionNode = FALSE
	EndGlobalSection
	GlobalSection(NestedProjects) = preSolution
		{EAAD749D-3EC1-4A95-8A91-B7E546B6E095} = {8AF33678-E305-4385-A52E-308A237DF034}
		{66EE3506-C780-47E7-B536-C1CFB1F44B60} = {7A18B480-1253-419D-8EF4-662E0A6376AB}
		{9AD658D3-EE17-49AF-A7B0-3A087C63694D} = {66EE3506-C780-47E7-B536-C1CFB1F44B60}
		{56E015B3-9007-4418-981E-03C291BC21C6} = {7A18B480-1253-419D-8EF4-662E0A6376AB}
		{46CC3D58-9BB8-4A4C-ACA9-D52B77C70B85} = {56E015B3-9007-4418-981E-03C291BC21C6}
		{7D45D25F-5720-4113-86CE-331C976C749A} = {7A18B480-1253-419D-8EF4-662E0A6376AB}
		{36C1C5EF-D88A-45B6-AB5A-4E3AFF0449E6} = {7D45D25F-5720-4113-86CE-331C976C749A}
		{EF8F0443-53D6-4447-889F-B404796ABB44} = {7A18B480-1253-419D-8EF4-662E0A6376AB}
		{8D644C4C-6C77-40B7-BA8B-F19BCE56911B} = {EF8F0443-53D6-4447-889F-B404796ABB44}
		{6BD9709D-9027-457C-9CEF-78B373BFAB93} = {EF8F0443-53D6-4447-889F-B404796ABB44}
		{F3CFE42A-3B53-4E61-8775-2429A9EF7819} = {EF8F0443-53D6-4447-889F-B404796ABB44}
		{3E6E5346-6452-4BC3-A048-CC131DBA45FB} = {EF8F0443-53D6-4447-889F-B404796ABB44}
		{36D4AB63-3736-4795-825A-5EB98849D45C} = {8AF33678-E305-4385-A52E-308A237DF034}
	EndGlobalSection
EndGlobal
